
Microsoft Visual Studio Solution File, Format Version 12.00
# Visual Studio Version 17
VisualStudioVersion = 17.2.32616.157
MinimumVisualStudioVersion = 10.0.40219.1
Project("{9A19103F-16F7-4668-BE54-9A1E7A4F7556}") = "DigitalForms.API", "DigitalForms.API\DigitalForms.API.csproj", "{1053080C-0904-4D12-ABD1-CAEFFFC6C659}"
EndProject
Project("{9A19103F-16F7-4668-BE54-9A1E7A4F7556}") = "DigitalForms.BL", "DigitalForms.BL\DigitalForms.BL.csproj", "{43B5F35E-2204-46DE-AEAA-51C0B0D35504}"
EndProject
Project("{9A19103F-16F7-4668-BE54-9A1E7A4F7556}") = "DigitalForms.DL", "Digitalforms.DL\DigitalForms.DL.csproj", "{FC0B6BE9-CE9E-4D96-9276-CDDC563E3B89}"
EndProject
Global
	GlobalSection(SolutionConfigurationPlatforms) = preSolution
		Debug|Any CPU = Debug|Any CPU
		Release|Any CPU = Release|Any CPU
	EndGlobalSection
	GlobalSection(ProjectConfigurationPlatforms) = postSolution
		{1053080C-0904-4D12-ABD1-CAEFFFC6C659}.Debug|Any CPU.ActiveCfg = Debug|Any CPU
		{1053080C-0904-4D12-ABD1-CAEFFFC6C659}.Debug|Any CPU.Build.0 = Debug|Any CPU
		{1053080C-0904-4D12-ABD1-CAEFFFC6C659}.Release|Any CPU.ActiveCfg = Release|Any CPU
		{1053080C-0904-4D12-ABD1-CAEFFFC6C659}.Release|Any CPU.Build.0 = Release|Any CPU
		{43B5F35E-2204-46DE-AEAA-51C0B0D35504}.Debug|Any CPU.ActiveCfg = Debug|Any CPU
		{43B5F35E-2204-46DE-AEAA-51C0B0D35504}.Debug|Any CPU.Build.0 = Debug|Any CPU
		{43B5F35E-2204-46DE-AEAA-51C0B0D35504}.Release|Any CPU.ActiveCfg = Release|Any CPU
		{43B5F35E-2204-46DE-AEAA-51C0B0D35504}.Release|Any CPU.Build.0 = Release|Any CPU
		{FC0B6BE9-CE9E-4D96-9276-CDDC563E3B89}.Debug|Any CPU.ActiveCfg = Debug|Any CPU
		{FC0B6BE9-CE9E-4D96-9276-CDDC563E3B89}.Debug|Any CPU.Build.0 = Debug|Any CPU
		{FC0B6BE9-CE9E-4D96-9276-CDDC563E3B89}.Release|Any CPU.ActiveCfg = Release|Any CPU
		{FC0B6BE9-CE9E-4D96-9276-CDDC563E3B89}.Release|Any CPU.Build.0 = Release|Any CPU
	EndGlobalSection
	GlobalSection(SolutionProperties) = preSolution
		HideSolutionNode = FALSE
	EndGlobalSection
	GlobalSection(ExtensibilityGlobals) = postSolution
		SolutionGuid = {C73D51EF-AC94-4D76-BBA9-24FC2AB6EBE0}
	EndGlobalSection
EndGlobal
